
Microsoft Visual Studio Solution File, Format Version 12.00
# Visual Studio Version 16
VisualStudioVersion = 16.0.31702.278
MinimumVisualStudioVersion = 10.0.40219.1
Project("{FAE04EC0-301F-11D3-BF4B-00C04F79EFBC}") = "Lab10", "Lab10\Lab10.csproj", "{C0EC8AFA-4A32-4C7E-9E13-5AD03C73C3BF}"
EndProject
Global
	GlobalSection(SolutionConfigurationPlatforms) = preSolution
		Debug|Any CPU = Debug|Any CPU
		Release|Any CPU = Release|Any CPU
	EndGlobalSection
	GlobalSection(ProjectConfigurationPlatforms) = postSolution
		{C0EC8AFA-4A32-4C7E-9E13-5AD03C73C3BF}.Debug|Any CPU.ActiveCfg = Debug|Any CPU
		{C0EC8AFA-4A32-4C7E-9E13-5AD03C73C3BF}.Debug|Any CPU.Build.0 = Debug|Any CPU
		{C0EC8AFA-4A32-4C7E-9E13-5AD03C73C3BF}.Release|Any CPU.ActiveCfg = Release|Any CPU
		{C0EC8AFA-4A32-4C7E-9E13-5AD03C73C3BF}.Release|Any CPU.Build.0 = Release|Any CPU
	EndGlobalSection
	GlobalSection(SolutionProperties) = preSolution
		HideSolutionNode = FALSE
	EndGlobalSection
	GlobalSection(ExtensibilityGlobals) = postSolution
		SolutionGuid = {7722F241-E1F4-484D-B5D7-2B13D233CCFC}
	EndGlobalSection
EndGlobal
